
Microsoft Visual Studio Solution File, Format Version 12.00
# Visual Studio Version 16
VisualStudioVersion = 16.0.30804.86
MinimumVisualStudioVersion = 10.0.40219.1
Project("{FAE04EC0-301F-11D3-BF4B-00C04F79EFBC}") = "UnitConverter.Mobile.Tests", "Koombea.Mobile.Tests\UnitConverter.Mobile.Tests.csproj", "{AC24DB8A-6FA0-4C1E-A2AB-A3E40A629C34}"
EndProject
Project("{FAE04EC0-301F-11D3-BF4B-00C04F79EFBC}") = "TestAutomationFramework", "TestAutomationFramework\TestAutomationFramework.csproj", "{24BC566D-B3A1-4A45-A991-BE005FE48566}"
EndProject
Global
	GlobalSection(SolutionConfigurationPlatforms) = preSolution
		Debug|Any CPU = Debug|Any CPU
		Release|Any CPU = Release|Any CPU
	EndGlobalSection
	GlobalSection(ProjectConfigurationPlatforms) = postSolution
		{AC24DB8A-6FA0-4C1E-A2AB-A3E40A629C34}.Debug|Any CPU.ActiveCfg = Debug|Any CPU
		{AC24DB8A-6FA0-4C1E-A2AB-A3E40A629C34}.Debug|Any CPU.Build.0 = Debug|Any CPU
		{AC24DB8A-6FA0-4C1E-A2AB-A3E40A629C34}.Release|Any CPU.ActiveCfg = Release|Any CPU
		{AC24DB8A-6FA0-4C1E-A2AB-A3E40A629C34}.Release|Any CPU.Build.0 = Release|Any CPU
		{24BC566D-B3A1-4A45-A991-BE005FE48566}.Debug|Any CPU.ActiveCfg = Debug|Any CPU
		{24BC566D-B3A1-4A45-A991-BE005FE48566}.Debug|Any CPU.Build.0 = Debug|Any CPU
		{24BC566D-B3A1-4A45-A991-BE005FE48566}.Release|Any CPU.ActiveCfg = Release|Any CPU
		{24BC566D-B3A1-4A45-A991-BE005FE48566}.Release|Any CPU.Build.0 = Release|Any CPU
	EndGlobalSection
	GlobalSection(SolutionProperties) = preSolution
		HideSolutionNode = FALSE
	EndGlobalSection
	GlobalSection(ExtensibilityGlobals) = postSolution
		SolutionGuid = {0C960FDD-1AF1-4131-9EAE-4EEFC34E6904}
	EndGlobalSection
EndGlobal
